PODS:
  - btsparkle (1.0.0):
    - FlutterMacOS
    - Sparkle
  - FlutterMacOS (1.0.0)
  - Sparkle (2.8.1)

DEPENDENCIES:
  - btsparkle (from `Flutter/ephemeral/.symlinks/plugins/btsparkle/macos`)
  - FlutterMacOS (from `Flutter/ephemeral`)

SPEC REPOS:
  trunk:
    - Sparkle

EXTERNAL SOURCES:
  btsparkle:
    :path: Flutter/ephemeral/.symlinks/plugins/btsparkle/macos
  FlutterMacOS:
    :path: Flutter/ephemeral

SPEC CHECKSUMS:
  btsparkle: 46dd48d377de5fc5d4ad2c1c69d417ac9ce1cccd
  FlutterMacOS: d0db08ddef1a9af05a5ec4b724367152bb0500b1
  Sparkle: a346a4341537c625955751ed3ae4b340b68551fa

PODFILE CHECKSUM: 54d867c82ac51cbd61b565781b9fada492027009

COCOAPODS: 1.16.2
