PODS:
  - flutter_archive (0.0.1):
    - FlutterMacOS
    - ZIPFoundation (= 0.9.19)
  - FlutterMacOS (1.0.0)
  - ZIPFoundation (0.9.19)

DEPENDENCIES:
  - flutter_archive (from `Flutter/ephemeral/.symlinks/plugins/flutter_archive/macos`)
  - FlutterMacOS (from `Flutter/ephemeral`)

SPEC REPOS:
  trunk:
    - ZIPFoundation

EXTERNAL SOURCES:
  flutter_archive:
    :path: Flutter/ephemeral/.symlinks/plugins/flutter_archive/macos
  FlutterMacOS:
    :path: Flutter/ephemeral

SPEC CHECKSUMS:
  flutter_archive: 07888d9aeb79da005e0ad8b9d347d17cdea07f68
  FlutterMacOS: d0db08ddef1a9af05a5ec4b724367152bb0500b1
  ZIPFoundation: b8c29ea7ae353b309bc810586181fd073cb3312c

PODFILE CHECKSUM: 54d867c82ac51cbd61b565781b9fada492027009

COCOAPODS: 1.16.2
