github.com/alecthomas/assert/v2 v2.11.0 h1:2Q9r3ki8+JYXvGsDyBXwH3LcJ+WK5D0gc5E8vS6K3D0=
github.com/alecthomas/assert/v2 v2.11.0/go.mod h1:Bze95FyfUr7x34QZrjL+XP+0qgp/zg8yS+TtBj1WA3k=
github.com/alecthomas/kong v1.15.0 h1:BVJstKbpO73zKpmIu+m/aLRrNmWwxXPIGTNin9VmLVI=
github.com/alecthomas/kong v1.15.0/go.mod h1:wrlbXem1CWqUV5Vbmss5ISYhsVPkBb1Yo7YKJghju2I=
github.com/alecthomas/repr v0.5.2 h1:SU73FTI9D1P5UNtvseffFSGmdNci/O6RsqzeXJtP0Qs=
github.com/alecthomas/repr v0.5.2/go.mod h1:Fr0507jx4eOXV7AlPV6AVZLYrLIuIeSOWtW57eE/O/4=
github.com/aws/aws-sdk-go-v2 v1.44.0 h1:4IbaHhtzy+4h37z4JQyO9a2QsiCml3CNYHtq5hIHigo=
github.com/aws/aws-sdk-go-v2 v1.44.0/go.mod h1:bttEH6JqnUL8LepvDVfdrds/fZ5bCIxzpe3abyUrhDU=
github.com/aws/aws-sdk-go-v2/aws/protocol/eventstream v1.7.20 h1:GPRlPwz40I2B2VrBEASOA3Bi77NyeqejNLkifosX0rs=
github.com/aws/aws-sdk-go-v2/aws/protocol/eventstream v1.7.20/go.mod h1:g7PNzKcsOKWb4fkSRBA7BZVAS6Y8IcxzN+nRohhQ1Q8=
github.com/aws/aws-sdk-go-v2/config v1.32.33 h1:M1m/Q6f0OKDEDGwhiNOqx1OjTdrewe3v+GDbHmKczWk=
github.com/aws/aws-sdk-go-v2/config v1.32.33/go.mod h1:fGj1iQj2QpIZzp7jE4aQQ+71TE8cd4z9K4+xCd6EqmE=
github.com/aws/aws-sdk-go-v2/credentials v1.19.39 h1:XOg8LC3Kgnsa3WiPQjc7Bi8k5IBN92cPYfIV9XMFss0=
github.com/aws/aws-sdk-go-v2/credentials v1.19.39/go.mod h1:GonTDBQ+mTpCVNwaHjj0PagspfrYYMEqOx7FehoEP/I=
github.com/aws/aws-sdk-go-v2/feature/ec2/imds v1.18.40 h1:r5aGipEVgI9aT/tAGjdrPbDQvIAKdTrS3rUPQtG4Rmo=
github.com/aws/aws-sdk-go-v2/feature/ec2/imds v1.18.40/go.mod h1:vOD3CnPxAdkL6MWZeROkZsTlskklMFfgVFkHzx/oZpY=
github.com/aws/aws-sdk-go-v2/internal/configsources v1.4.40 h1:UIXlbijuB2XK1Kr57fo8iIxCuaSHJzwZ1uo+2tbEYIk=
github.com/aws/aws-sdk-go-v2/internal/configsources v1.4.40/go.mod h1:wcEsL6jscjZjVUinb0Q5qD/GXOG1yT3GNfmT9HuDwzU=
github.com/aws/aws-sdk-go-v2/internal/endpoints/v2 v2.7.40 h1:xLQVRDs2NddDmK9BEyh5KSlJ1Gpy5/GIJXrV6WcVGAE=
github.com/aws/aws-sdk-go-v2/internal/endpoints/v2 v2.7.40/go.mod h1:XRXnpFVFGLaEVK+olDdFIM1vNa04ETW452oFGEPUxAo=
github.com/aws/aws-sdk-go-v2/internal/v4a v1.4.41 h1:nv/ILuCY0yXACzMQwvtt/HbqDDjemZiI0AeDbxGQlnU=
github.com/aws/aws-sdk-go-v2/internal/v4a v1.4.41/go.mod h1:dzvOSpxaPqQ3j0xS6Lc1vyVuWW0RBj7s/QqYpzu3Q/0=
github.com/aws/aws-sdk-go-v2/service/internal/accept-encoding v1.13.19 h1:bAdDl/HkGCcGPoe25ToSHEw23VIxt6CT5fLcg111BKg=
github.com/aws/aws-sdk-go-v2/service/internal/accept-encoding v1.13.19/go.mod h1:KaUzbLxv4CeSxh6ZCl9B4m7CuFenS8kUEaDs+f/DQr4=
github.com/aws/aws-sdk-go-v2/service/internal/checksum v1.10.0 h1:U8/A0RRBaEspzH1uul3JHLbypXwEGUkRkvoT9f0ATcM=
github.com/aws/aws-sdk-go-v2/service/internal/checksum v1.10.0/go.mod h1:UELStX5KwtJNtQxa+UuF8dc3z4UYc40e8yHYJSozNwY=
github.com/aws/aws-sdk-go-v2/service/internal/presigned-url v1.13.40 h1:gr3Fw1cxZXNCdeo/lQ7isHEHzvHVM7z75qb2zW9aMjw=
github.com/aws/aws-sdk-go-v2/service/internal/presigned-url v1.13.40/go.mod h1:8z/9CmfnQhiuXD7Ykbcg4a/whSWsniE0ODSx9uwVzfk=
github.com/aws/aws-sdk-go-v2/service/internal/s3shared v1.19.41 h1:Q9DIKDuJix/oJnQxFpQ26L0EwVa/YNo4k2kbktrjQjE=
github.com/aws/aws-sdk-go-v2/service/internal/s3shared v1.19.41/go.mod h1:x+TuqkOIG1SZS0+yN54sExGA9ZpjhPO6vPdYnpTFX1M=
github.com/aws/aws-sdk-go-v2/service/s3 v1.108.0 h1:Yp+x5PKXEmoqHsgP/pAkBy5Tyq1UlXAzM0OInh0vxWw=
github.com/aws/aws-sdk-go-v2/service/s3 v1.108.0/go.mod h1:locV6DtXyp7Xzr2BG6jtsbeBi3YAWJ/CY4xUThYmIwQ=
github.com/aws/aws-sdk-go-v2/service/signin v1.6.0 h1:agcr0j8YeFEzdXNo17Rg9MbbjLRjrimabwNtji4e+lU=
github.com/aws/aws-sdk-go-v2/service/signin v1.6.0/go.mod h1:qU5PxgQ4JiUOOMotzfO3+5oUda5W+8JDVKyLQqlrJik=
github.com/aws/aws-sdk-go-v2/service/sso v1.34.0 h1:FxaN8/sn61DTXNI6Gt678tFJUY8iUsCchm6Y/F/RjaA=
github.com/aws/aws-sdk-go-v2/service/sso v1.34.0/go.mod h1:vu4OY6s8LJtT8BtYG2LD6BGSZMptkYn3o5hvCPB22jc=
github.com/aws/aws-sdk-go-v2/service/ssooidc v1.39.0 h1:crWKPeGYTBTuBxQ3p73kjfJvt4brUIsr+Fuypko8FxY=
github.com/aws/aws-sdk-go-v2/service/ssooidc v1.39.0/go.mod h1:HjjZVhaBz0JBR/kbWKThmNDhFKS7y6EURuk493tJk9Y=
github.com/aws/aws-sdk-go-v2/service/sts v1.46.0 h1:IZ63JdogSNNjex/jsODNv7jGDcO/xJYd9FsgyfCsp1g=
github.com/aws/aws-sdk-go-v2/service/sts v1.46.0/go.mod h1:I+rwAf3spG5dITBaAo3xXRowk8kiOhtU1kYxfvCTC44=
github.com/aws/smithy-go v1.28.1 h1:R/nXH00c8qcfCzQVELtRw+eLQWtzv+VAIEFJ1/xxXlQ=
github.com/aws/smithy-go v1.28.1/go.mod h1:YE2RhdIuDbA5E5bTdciG9KrW3+TiEONeUWCqxX9i1Fc=
github.com/ceph/go-ceph v0.41.0 h1:uATh5+zR1KWOQCoBYj4uEfuAPsSccajOGXWW8u8UTgA=
github.com/ceph/go-ceph v0.41.0/go.mod h1:8tvljRxQ65aEtRt7aCxzuPpN7tiwPHCPPSuAqQ5teCY=
github.com/davecgh/go-spew v1.1.0/go.mod h1:J7Y8YcW2NihsgmVo/mv3lAwl/skON4iLHjSsI+c5H38=
github.com/davecgh/go-spew v1.1.1/go.mod h1:J7Y8YcW2NihsgmVo/mv3lAwl/skON4iLHjSsI+c5H38=
github.com/davecgh/go-spew v1.1.2-0.20180830191138-d8f796af33cc h1:U9qPSI2PIWSS1VwoXQT9A3Wy9MM3WgvqSxFWenqJduM=
github.com/davecgh/go-spew v1.1.2-0.20180830191138-d8f796af33cc/go.mod h1:J7Y8YcW2NihsgmVo/mv3lAwl/skON4iLHjSsI+c5H38=
github.com/go-chi/chi/v5 v5.2.1 h1:KOIHODQj58PmL80G2Eak4WdvUzjSJSm0vG72crDCqb8=
github.com/go-chi/chi/v5 v5.2.1/go.mod h1:L2yAIGWB3H+phAw1NxKwWM+7eUH/lU8pOMm5hHcoops=
github.com/google/gofuzz v1.0.0/go.mod h1:dBl0BpW6vV/+mYPU4Po3pmUjxk6FQPldtuIdl/M65Eg=
github.com/hexops/gotextdiff v1.0.3 h1:gitA9+qJrrTCsiCl7+kh75nPqQt1cx4ZkudSTLoUqJM=
github.com/hexops/gotextdiff v1.0.3/go.mod h1:pSWU5MAI3yDq+fZBTazCSJysOMbxWL1BSow5/V2vxeg=
github.com/json-iterator/go v1.1.12 h1:PV8peI4a0ysnczrg+LtxykD8LfKY9ML6u2jnxaEnrnM=
github.com/json-iterator/go v1.1.12/go.mod h1:e30LSqwooZae/UwlEbR2852Gd8hjQvJoHmT4TnhNGBo=
github.com/mailgun/errors v0.4.0 h1:6LFBvod6VIW83CMIOT9sYNp28TCX0NejFPP4dSX++i8=
github.com/mailgun/errors v0.4.0/go.mod h1:xGBaaKdEdQT0/FhwvoXv4oBaqqmVZz9P1XEnvD/onc0=
github.com/mailgun/mailgun-go/v4 v4.23.0 h1:jPEMJzzin2s7lvehcfv/0UkyBu18GvcURPr2+xtZRbk=
github.com/mailgun/mailgun-go/v4 v4.23.0/go.mod h1:imTtizoFtpfZqPqGP8vltVBB6q9yWcv6llBhfFeElZU=
github.com/modern-go/concurrent v0.0.0-20180228061459-e0a39a4cb421/go.mod h1:6dJC0mAP4ikYIbvyc7fijjWJddQyLn8Ig3JB5CqoB9Q=
github.com/modern-go/concurrent v0.0.0-20180306012644-bacd9c7ef1dd h1:TRLaZ9cD/w8PVh93nsPXa1VrQ6jlwL5oN8l14QlcNfg=
github.com/modern-go/concurrent v0.0.0-20180306012644-bacd9c7ef1dd/go.mod h1:6dJC0mAP4ikYIbvyc7fijjWJddQyLn8Ig3JB5CqoB9Q=
github.com/modern-go/reflect2 v1.0.2 h1:xBagoLtFs94CBntxluKeaWgTMpvLxC4ur3nMaC9Gz0M=
github.com/modern-go/reflect2 v1.0.2/go.mod h1:yWuevngMOJpCy52FWWMvUC8ws7m/LJsjYzDa0/r8luk=
github.com/pmezard/go-difflib v1.0.0/go.mod h1:iKH77koFhYxTK1pcRnkKkqfTogsbg7gZNVY4sRDYZ/4=
github.com/pmezard/go-difflib v1.0.1-0.20181226105442-5d4384ee4fb2 h1:Jamvg5psRIccs7FGNTlIRMkT8wgtp5eCXdBlqhYGL6U=
github.com/pmezard/go-difflib v1.0.1-0.20181226105442-5d4384ee4fb2/go.mod h1:iKH77koFhYxTK1pcRnkKkqfTogsbg7gZNVY4sRDYZ/4=
github.com/sirupsen/logrus v1.9.4 h1:TsZE7l11zFCLZnZ+teH4Umoq5BhEIfIzfRDZ1Uzql2w=
github.com/sirupsen/logrus v1.9.4/go.mod h1:ftWc9WdOfJ0a92nsE2jF5u5ZwH8Bv2zdeOC42RjbV2g=
github.com/stretchr/objx v0.1.0/go.mod h1:HFkY916IF+rwdDfMAkV7OtwuqBVzrE8GR6GFx+wExME=
github.com/stretchr/testify v1.3.0/go.mod h1:M5WIy9Dh21IEIfnGCwXGc5bZfKNJtfHm1UVUgZn+9EI=
github.com/stretchr/testify v1.11.1 h1:7s2iGBzp5EwR7/aIZr8ao5+dra3wiQyKjjFuvgVKu7U=
github.com/stretchr/testify v1.11.1/go.mod h1:wZwfW3scLgRK+23gO65QZefKpKQRnfz6sD981Nm4B6U=
golang.org/x/sys v0.47.0 h1:o7XGOvZQCADBQQ4Y7VNq2dRWQR7JmOUW8Kxx4ZsNgWs=
golang.org/x/sys v0.47.0/go.mod h1:4GL1E5IUh+htKOUEOaiffhrAeqysfVGipDYzABqnCmw=
gopkg.in/yaml.v3 v3.0.1 h1:fxVm/GzAzEWqLHuvctI91KS9hhNmmWOoWu0XTYJS7CA=
gopkg.in/yaml.v3 v3.0.1/go.mod h1:K4uyk7z7BCEPqu6E+C64Yfv1cQ7kz7rIZviUmN+EgEM=
